// !$*UTF8*$!
{
	archiveVersion = 1;
	classes = {
	};
	objectVersion = 56;
	objects = {

/* Begin PBXBuildFile section */
		90D0DAA02980462200964728 /* AppDelegate.swift in Sources */ = {isa = PBXBuildFile; fileRef = 90D0DA9F2980462200964728 /* AppDelegate.swift */; };
		90D0DAA22980462200964728 /* SceneDelegate.swift in Sources */ = {isa = PBXBuildFile; fileRef = 90D0DAA12980462200964728 /* SceneDelegate.swift */; };
		90D0DAA72980462200964728 /* Main.storyboard in Resources */ = {isa = PBXBuildFile; fileRef = 90D0DAA52980462200964728 /* Main.storyboard */; };
		90D0DAA92980462400964728 /* Assets.xcassets in Resources */ = {isa = PBXBuildFile; fileRef = 90D0DAA82980462400964728 /* Assets.xcassets */; };
		90D0DAAC2980462400964728 /* LaunchScreen.storyboard in Resources */ = {isa = PBXBuildFile; fileRef = 90D0DAAA2980462400964728 /* LaunchScreen.storyboard */; };
		90EF632F2980494A007FFE2B /* TaskListController.swift in Sources */ = {isa = PBXBuildFile; fileRef = 90EF632E2980494A007FFE2B /* TaskListController.swift */; };
		90EF63322982D908007FFE2B /* Task.swift in Sources */ = {isa = PBXBuildFile; fileRef = 90EF63312982D908007FFE2B /* Task.swift */; };
		90EF63342982DAC6007FFE2B /* TaskStorage.swift in Sources */ = {isa = PBXBuildFile; fileRef = 90EF63332982DAC6007FFE2B /* TaskStorage.swift */; };
		90EF63382983DDE4007FFE2B /* TaskCell.swift in Sources */ = {isa = PBXBuildFile; fileRef = 90EF63372983DDE4007FFE2B /* TaskCell.swift */; };
		90EF633C29842C8B007FFE2B /* TaskEditController.swift in Sources */ = {isa = PBXBuildFile; fileRef = 90EF633B29842C8B007FFE2B /* TaskEditController.swift */; };
		90EF633E2984312E007FFE2B /* TaskTypeController.swift in Sources */ = {isa = PBXBuildFile; fileRef = 90EF633D2984312E007FFE2B /* TaskTypeController.swift */; };
		90EF6341298432D2007FFE2B /* TaskTypeCell.swift in Sources */ = {isa = PBXBuildFile; fileRef = 90EF633F298432D2007FFE2B /* TaskTypeCell.swift */; };
		90EF6342298432D2007FFE2B /* TaskTypeCell.xib in Resources */ = {isa = PBXBuildFile; fileRef = 90EF6340298432D2007FFE2B /* TaskTypeCell.xib */; };
/* End PBXBuildFile section */

/* Begin PBXFileReference section */
		90D0DA9C2980462200964728 /* ToDoManager.app */ = {isa = PBXFileReference; explicitFileType = wrapper.application; includeInIndex = 0; path = ToDoManager.app; sourceTree = BUILT_PRODUCTS_DIR; };
		90D0DA9F2980462200964728 /* AppDelegate.swift */ = {isa = PBXFileReference; lastKnownFileType = sourcecode.swift; path = AppDelegate.swift; sourceTree = "<group>"; };
		90D0DAA12980462200964728 /* SceneDelegate.swift */ = {isa = PBXFileReference; lastKnownFileType = sourcecode.swift; path = SceneDelegate.swift; sourceTree = "<group>"; };
		90D0DAA62980462200964728 /* Base */ = {isa = PBXFileReference; lastKnownFileType = file.storyboard; name = Base; path = Base.lproj/Main.storyboard; sourceTree = "<group>"; };
		90D0DAA82980462400964728 /* Assets.xcassets */ = {isa = PBXFileReference; lastKnownFileType = folder.assetcatalog; path = Assets.xcassets; sourceTree = "<group>"; };
		90D0DAAB2980462400964728 /* Base */ = {isa = PBXFileReference; lastKnownFileType = file.storyboard; name = Base; path = Base.lproj/LaunchScreen.storyboard; sourceTree = "<group>"; };
		90D0DAAD2980462400964728 /* Info.plist */ = {isa = PBXFileReference; lastKnownFileType = text.plist.xml; path = Info.plist; sourceTree = "<group>"; };
		90EF632E2980494A007FFE2B /* TaskListController.swift */ = {isa = PBXFileReference; lastKnownFileType = sourcecode.swift; path = TaskListController.swift; sourceTree = "<group>"; };
		90EF63312982D908007FFE2B /* Task.swift */ = {isa = PBXFileReference; lastKnownFileType = sourcecode.swift; path = Task.swift; sourceTree = "<group>"; };
		90EF63332982DAC6007FFE2B /* TaskStorage.swift */ = {isa = PBXFileReference; lastKnownFileType = sourcecode.swift; path = TaskStorage.swift; sourceTree = "<group>"; };
		90EF63372983DDE4007FFE2B /* TaskCell.swift */ = {isa = PBXFileReference; lastKnownFileType = sourcecode.swift; path = TaskCell.swift; sourceTree = "<group>"; };
		90EF633B29842C8B007FFE2B /* TaskEditController.swift */ = {isa = PBXFileReference; lastKnownFileType = sourcecode.swift; path = TaskEditController.swift; sourceTree = "<group>"; };
		90EF633D2984312E007FFE2B /* TaskTypeController.swift */ = {isa = PBXFileReference; lastKnownFileType = sourcecode.swift; path = TaskTypeController.swift; sourceTree = "<group>"; };
		90EF633F298432D2007FFE2B /* TaskTypeCell.swift */ = {isa = PBXFileReference; lastKnownFileType = sourcecode.swift; path = TaskTypeCell.swift; sourceTree = "<group>"; };
		90EF6340298432D2007FFE2B /* TaskTypeCell.xib */ = {isa = PBXFileReference; lastKnownFileType = file.xib; path = TaskTypeCell.xib; sourceTree = "<group>"; };
/* End PBXFileReference section */

/* Begin PBXFrameworksBuildPhase section */
		90D0DA992980462200964728 /* Frameworks */ = {
			isa = PBXFrameworksBuildPhase;
			buildActionMask = 2147483647;
			files = (
			);
			runOnlyForDeploymentPostprocessing = 0;
		};
/* End PBXFrameworksBuildPhase section */

/* Begin PBXGroup section */
		90D0DA932980462200964728 = {
			isa = PBXGroup;
			children = (
				90D0DA9E2980462200964728 /* ToDoManager */,
				90D0DA9D2980462200964728 /* Products */,
			);
			sourceTree = "<group>";
		};
		90D0DA9D2980462200964728 /* Products */ = {
			isa = PBXGroup;
			children = (
				90D0DA9C2980462200964728 /* ToDoManager.app */,
			);
			name = Products;
			sourceTree = "<group>";
		};
		90D0DA9E2980462200964728 /* ToDoManager */ = {
			isa = PBXGroup;
			children = (
				90EF63302982D8F7007FFE2B /* Model */,
				90EF63352983DD76007FFE2B /* View */,
				90EF633A2983F052007FFE2B /* Controller */,
				90D0DA9F2980462200964728 /* AppDelegate.swift */,
				90D0DAA12980462200964728 /* SceneDelegate.swift */,
				90D0DAA52980462200964728 /* Main.storyboard */,
				90D0DAA82980462400964728 /* Assets.xcassets */,
				90D0DAAA2980462400964728 /* LaunchScreen.storyboard */,
				90D0DAAD2980462400964728 /* Info.plist */,
			);
			path = ToDoManager;
			sourceTree = "<group>";
		};
		90EF63302982D8F7007FFE2B /* Model */ = {
			isa = PBXGroup;
			children = (
				90EF63312982D908007FFE2B /* Task.swift */,
				90EF63332982DAC6007FFE2B /* TaskStorage.swift */,
			);
			path = Model;
			sourceTree = "<group>";
		};
		90EF63352983DD76007FFE2B /* View */ = {
			isa = PBXGroup;
			children = (
				90EF63362983DD7F007FFE2B /* Cells */,
			);
			path = View;
			sourceTree = "<group>";
		};
		90EF63362983DD7F007FFE2B /* Cells */ = {
			isa = PBXGroup;
			children = (
				90EF63372983DDE4007FFE2B /* TaskCell.swift */,
				90EF633F298432D2007FFE2B /* TaskTypeCell.swift */,
				90EF6340298432D2007FFE2B /* TaskTypeCell.xib */,
			);
			path = Cells;
			sourceTree = "<group>";
		};
		90EF633A2983F052007FFE2B /* Controller */ = {
			isa = PBXGroup;
			children = (
				90EF632E2980494A007FFE2B /* TaskListController.swift */,
				90EF633B29842C8B007FFE2B /* TaskEditController.swift */,
				90EF633D2984312E007FFE2B /* TaskTypeController.swift */,
			);
			path = Controller;
			sourceTree = "<group>";
		};
/* End PBXGroup section */

/* Begin PBXNativeTarget section */
		90D0DA9B2980462200964728 /* ToDoManager */ = {
			isa = PBXNativeTarget;
			buildConfigurationList = 90D0DAB02980462400964728 /* Build configuration list for PBXNativeTarget "ToDoManager" */;
			buildPhases = (
				90D0DA982980462200964728 /* Sources */,
				90D0DA992980462200964728 /* Frameworks */,
				90D0DA9A2980462200964728 /* Resources */,
			);
			buildRules = (
			);
			dependencies = (
			);
			name = ToDoManager;
			productName = ToDoManager;
			productReference = 90D0DA9C2980462200964728 /* ToDoManager.app */;
			productType = "com.apple.product-type.application";
		};
/* End PBXNativeTarget section */

/* Begin PBXProject section */
		90D0DA942980462200964728 /* Project object */ = {
			isa = PBXProject;
			attributes = {
				BuildIndependentTargetsInParallel = 1;
				LastSwiftUpdateCheck = 1420;
				LastUpgradeCheck = 1420;
				TargetAttributes = {
					90D0DA9B2980462200964728 = {
						CreatedOnToolsVersion = 14.2;
					};
				};
			};
			buildConfigurationList = 90D0DA972980462200964728 /* Build configuration list for PBXProject "ToDoManager" */;
			compatibilityVersion = "Xcode 14.0";
			developmentRegion = en;
			hasScannedForEncodings = 0;
			knownRegions = (
				en,
				Base,
			);
			mainGroup = 90D0DA932980462200964728;
			productRefGroup = 90D0DA9D2980462200964728 /* Products */;
			projectDirPath = "";
			projectRoot = "";
			targets = (
				90D0DA9B2980462200964728 /* ToDoManager */,
			);
		};
/* End PBXProject section */

/* Begin PBXResourcesBuildPhase section */
		90D0DA9A2980462200964728 /* Resources */ = {
			isa = PBXResourcesBuildPhase;
			buildActionMask = 2147483647;
			files = (
				90D0DAAC2980462400964728 /* LaunchScreen.storyboard in Resources */,
				90D0DAA92980462400964728 /* Assets.xcassets in Resources */,
				90EF6342298432D2007FFE2B /* TaskTypeCell.xib in Resources */,
				90D0DAA72980462200964728 /* Main.storyboard in Resources */,
			);
			runOnlyForDeploymentPostprocessing = 0;
		};
/* End PBXResourcesBuildPhase section */

/* Begin PBXSourcesBuildPhase section */
		90D0DA982980462200964728 /* Sources */ = {
			isa = PBXSourcesBuildPhase;
			buildActionMask = 2147483647;
			files = (
				90EF63322982D908007FFE2B /* Task.swift in Sources */,
				90D0DAA02980462200964728 /* AppDelegate.swift in Sources */,
				90D0DAA22980462200964728 /* SceneDelegate.swift in Sources */,
				90EF63342982DAC6007FFE2B /* TaskStorage.swift in Sources */,
				90EF633E2984312E007FFE2B /* TaskTypeController.swift in Sources */,
				90EF63382983DDE4007FFE2B /* TaskCell.swift in Sources */,
				90EF632F2980494A007FFE2B /* TaskListController.swift in Sources */,
				90EF633C29842C8B007FFE2B /* TaskEditController.swift in Sources */,
				90EF6341298432D2007FFE2B /* TaskTypeCell.swift in Sources */,
			);
			runOnlyForDeploymentPostprocessing = 0;
		};
/* End PBXSourcesBuildPhase section */

/* Begin PBXVariantGroup section */
		90D0DAA52980462200964728 /* Main.storyboard */ = {
			isa = PBXVariantGroup;
			children = (
				90D0DAA62980462200964728 /* Base */,
			);
			name = Main.storyboard;
			sourceTree = "<group>";
		};
		90D0DAAA2980462400964728 /* LaunchScreen.storyboard */ = {
			isa = PBXVariantGroup;
			children = (
				90D0DAAB2980462400964728 /* Base */,
			);
			name = LaunchScreen.storyboard;
			sourceTree = "<group>";
		};
/* End PBXVariantGroup section */

/* Begin XCBuildConfiguration section */
		90D0DAAE2980462400964728 /* Debug */ = {
			isa = XCBuildConfiguration;
			buildSettings = {
				ALWAYS_SEARCH_USER_PATHS = NO;
				CLANG_ANALYZER_NONNULL = YES;
				CLANG_ANALYZER_NUMBER_OBJECT_CONVERSION = YES_AGGRESSIVE;
				CLANG_CXX_LANGUAGE_STANDARD = "gnu++20";
				CLANG_ENABLE_MODULES = YES;
				CLANG_ENABLE_OBJC_ARC = YES;
				CLANG_ENABLE_OBJC_WEAK = YES;
				CLANG_WARN_BLOCK_CAPTURE_AUTORELEASING = YES;
				CLANG_WARN_BOOL_CONVERSION = YES;
				CLANG_WARN_COMMA = YES;
				CLANG_WARN_CONSTANT_CONVERSION = YES;
				CLANG_WARN_DEPRECATED_OBJC_IMPLEMENTATIONS = YES;
				CLANG_WARN_DIRECT_OBJC_ISA_USAGE = YES_ERROR;
				CLANG_WARN_DOCUMENTATION_COMMENTS = YES;
				CLANG_WARN_EMPTY_BODY = YES;
				CLANG_WARN_ENUM_CONVERSION = YES;
				CLANG_WARN_INFINITE_RECURSION = YES;
				CLANG_WARN_INT_CONVERSION = YES;
				CLANG_WARN_NON_LITERAL_NULL_CONVERSION = YES;
				CLANG_WARN_OBJC_IMPLICIT_RETAIN_SELF = YES;
				CLANG_WARN_OBJC_LITERAL_CONVERSION = YES;
				CLANG_WARN_OBJC_ROOT_CLASS = YES_ERROR;
				CLANG_WARN_QUOTED_INCLUDE_IN_FRAMEWORK_HEADER = YES;
				CLANG_WARN_RANGE_LOOP_ANALYSIS = YES;
				CLANG_WARN_STRICT_PROTOTYPES = YES;
				CLANG_WARN_SUSPICIOUS_MOVE = YES;
				CLANG_WARN_UNGUARDED_AVAILABILITY = YES_AGGRESSIVE;
				CLANG_WARN_UNREACHABLE_CODE = YES;
				CLANG_WARN__DUPLICATE_METHOD_MATCH = YES;
				COPY_PHASE_STRIP = NO;
				DEBUG_INFORMATION_FORMAT = dwarf;
				ENABLE_STRICT_OBJC_MSGSEND = YES;
				ENABLE_TESTABILITY = YES;
				GCC_C_LANGUAGE_STANDARD = gnu11;
				GCC_DYNAMIC_NO_PIC = NO;
				GCC_NO_COMMON_BLOCKS = YES;
				GCC_OPTIMIZATION_LEVEL = 0;
				GCC_PREPROCESSOR_DEFINITIONS = (
					"DEBUG=1",
					"$(inherited)",
				);
				GCC_WARN_64_TO_32_BIT_CONVERSION = YES;
				GCC_WARN_ABOUT_RETURN_TYPE = YES_ERROR;
				GCC_WARN_UNDECLARED_SELECTOR = YES;
				GCC_WARN_UNINITIALIZED_AUTOS = YES_AGGRESSIVE;
				GCC_WARN_UNUSED_FUNCTION = YES;
				GCC_WARN_UNUSED_VARIABLE = YES;
				IPHONEOS_DEPLOYMENT_TARGET = 16.2;
				MTL_ENABLE_DEBUG_INFO = INCLUDE_SOURCE;
				MTL_FAST_MATH = YES;
				ONLY_ACTIVE_ARCH = YES;
				SDKROOT = iphoneos;
				SWIFT_ACTIVE_COMPILATION_CONDITIONS = DEBUG;
				SWIFT_OPTIMIZATION_LEVEL = "-Onone";
			};
			name = Debug;
		};
		90D0DAAF2980462400964728 /* Release */ = {
			isa = XCBuildConfiguration;
			buildSettings = {
				ALWAYS_SEARCH_USER_PATHS = NO;
				CLANG_ANALYZER_NONNULL = YES;
				CLANG_ANALYZER_NUMBER_OBJECT_CONVERSION = YES_AGGRESSIVE;
				CLANG_CXX_LANGUAGE_STANDARD = "gnu++20";
				CLANG_ENABLE_MODULES = YES;
				CLANG_ENABLE_OBJC_ARC = YES;
				CLANG_ENABLE_OBJC_WEAK = YES;
				CLANG_WARN_BLOCK_CAPTURE_AUTORELEASING = YES;
				CLANG_WARN_BOOL_CONVERSION = YES;
				CLANG_WARN_COMMA = YES;
				CLANG_WARN_CONSTANT_CONVERSION = YES;
				CLANG_WARN_DEPRECATED_OBJC_IMPLEMENTATIONS = YES;
				CLANG_WARN_DIRECT_OBJC_ISA_USAGE = YES_ERROR;
				CLANG_WARN_DOCUMENTATION_COMMENTS = YES;
				CLANG_WARN_EMPTY_BODY = YES;
				CLANG_WARN_ENUM_CONVERSION = YES;
				CLANG_WARN_INFINITE_RECURSION = YES;
				CLANG_WARN_INT_CONVERSION = YES;
				CLANG_WARN_NON_LITERAL_NULL_CONVERSION = YES;
				CLANG_WARN_OBJC_IMPLICIT_RETAIN_SELF = YES;
				CLANG_WARN_OBJC_LITERAL_CONVERSION = YES;
				CLANG_WARN_OBJC_ROOT_CLASS = YES_ERROR;
				CLANG_WARN_QUOTED_INCLUDE_IN_FRAMEWORK_HEADER = YES;
				CLANG_WARN_RANGE_LOOP_ANALYSIS = YES;
				CLANG_WARN_STRICT_PROTOTYPES = YES;
				CLANG_WARN_SUSPICIOUS_MOVE = YES;
				CLANG_WARN_UNGUARDED_AVAILABILITY = YES_AGGRESSIVE;
				CLANG_WARN_UNREACHABLE_CODE = YES;
				CLANG_WARN__DUPLICATE_METHOD_MATCH = YES;
				COPY_PHASE_STRIP = NO;
				DEBUG_INFORMATION_FORMAT = "dwarf-with-dsym";
				ENABLE_NS_ASSERTIONS = NO;
				ENABLE_STRICT_OBJC_MSGSEND = YES;
				GCC_C_LANGUAGE_STANDARD = gnu11;
				GCC_NO_COMMON_BLOCKS = YES;
				GCC_WARN_64_TO_32_BIT_CONVERSION = YES;
				GCC_WARN_ABOUT_RETURN_TYPE = YES_ERROR;
				GCC_WARN_UNDECLARED_SELECTOR = YES;
				GCC_WARN_UNINITIALIZED_AUTOS = YES_AGGRESSIVE;
				GCC_WARN_UNUSED_FUNCTION = YES;
				GCC_WARN_UNUSED_VARIABLE = YES;
				IPHONEOS_DEPLOYMENT_TARGET = 16.2;
				MTL_ENABLE_DEBUG_INFO = NO;
				MTL_FAST_MATH = YES;
				SDKROOT = iphoneos;
				SWIFT_COMPILATION_MODE = wholemodule;
				SWIFT_OPTIMIZATION_LEVEL = "-O";
				VALIDATE_PRODUCT = YES;
			};
			name = Release;
		};
		90D0DAB12980462400964728 /* Debug */ = {
			isa = XCBuildConfiguration;
			buildSettings = {
				ASSETCATALOG_COMPILER_APPICON_NAME = AppIcon;
				ASSETCATALOG_COMPILER_GLOBAL_ACCENT_COLOR_NAME = AccentColor;
				CODE_SIGN_STYLE = Automatic;
				CURRENT_PROJECT_VERSION = 1;
				DEVELOPMENT_TEAM = 57Y3P3TT47;
				GENERATE_INFOPLIST_FILE = YES;
				INFOPLIST_FILE = ToDoManager/Info.plist;
				INFOPLIST_KEY_UIApplicationSupportsIndirectInputEvents = YES;
				INFOPLIST_KEY_UILaunchStoryboardName = LaunchScreen;
				INFOPLIST_KEY_UIMainStoryboardFile = Main;
				INFOPLIST_KEY_UISupportedInterfaceOrientations = UIInterfaceOrientationPortrait;
				INFOPLIST_KEY_UISupportedInterfaceOrientations_iPad = "UIInterfaceOrientationLandscapeLeft UIInterfaceOrientationLandscapeRight UIInterfaceOrientationPortrait UIInterfaceOrientationPortraitUpsideDown";
				IPHONEOS_DEPLOYMENT_TARGET = 16.0;
				LD_RUNPATH_SEARCH_PATHS = (
					"$(inherited)",
					"@executable_path/Frameworks",
				);
				MARKETING_VERSION = 1.0;
				PRODUCT_BUNDLE_IDENTIFIER = aleksgpak.ToDoManager;
				PRODUCT_NAME = "$(TARGET_NAME)";
				SWIFT_EMIT_LOC_STRINGS = YES;
				SWIFT_VERSION = 5.0;
				TARGETED_DEVICE_FAMILY = "1,2";
			};
			name = Debug;
		};
		90D0DAB22980462400964728 /* Release */ = {
			isa = XCBuildConfiguration;
			buildSettings = {
				ASSETCATALOG_COMPILER_APPICON_NAME = AppIcon;
				ASSETCATALOG_COMPILER_GLOBAL_ACCENT_COLOR_NAME = AccentColor;
				CODE_SIGN_STYLE = Automatic;
				CURRENT_PROJECT_VERSION = 1;
				DEVELOPMENT_TEAM = 57Y3P3TT47;
				GENERATE_INFOPLIST_FILE = YES;
				INFOPLIST_FILE = ToDoManager/Info.plist;
				INFOPLIST_KEY_UIApplicationSupportsIndirectInputEvents = YES;
				INFOPLIST_KEY_UILaunchStoryboardName = LaunchScreen;
				INFOPLIST_KEY_UIMainStoryboardFile = Main;
				INFOPLIST_KEY_UISupportedInterfaceOrientations = UIInterfaceOrientationPortrait;
				INFOPLIST_KEY_UISupportedInterfaceOrientations_iPad = "UIInterfaceOrientationLandscapeLeft UIInterfaceOrientationLandscapeRight UIInterfaceOrientationPortrait UIInterfaceOrientationPortraitUpsideDown";
				IPHONEOS_DEPLOYMENT_TARGET = 16.0;
				LD_RUNPATH_SEARCH_PATHS = (
					"$(inherited)",
					"@executable_path/Frameworks",
				);
				MARKETING_VERSION = 1.0;
				PRODUCT_BUNDLE_IDENTIFIER = aleksgpak.ToDoManager;
				PRODUCT_NAME = "$(TARGET_NAME)";
				SWIFT_EMIT_LOC_STRINGS = YES;
				SWIFT_VERSION = 5.0;
				TARGETED_DEVICE_FAMILY = "1,2";
			};
			name = Release;
		};
/* End XCBuildConfiguration section */

/* Begin XCConfigurationList section */
		90D0DA972980462200964728 /* Build configuration list for PBXProject "ToDoManager" */ = {
			isa = XCConfigurationList;
			buildConfigurations = (
				90D0DAAE2980462400964728 /* Debug */,
				90D0DAAF2980462400964728 /* Release */,
			);
			defaultConfigurationIsVisible = 0;
			defaultConfigurationName = Release;
		};
		90D0DAB02980462400964728 /* Build configuration list for PBXNativeTarget "ToDoManager" */ = {
			isa = XCConfigurationList;
			buildConfigurations = (
				90D0DAB12980462400964728 /* Debug */,
				90D0DAB22980462400964728 /* Release */,
			);
			defaultConfigurationIsVisible = 0;
			defaultConfigurationName = Release;
		};
/* End XCConfigurationList section */
	};
	rootObject = 90D0DA942980462200964728 /* Project object */;
}
